
Microsoft Visual Studio Solution File, Format Version 12.00
# Visual Studio Version 17
VisualStudioVersion = 17.12.35506.116
MinimumVisualStudioVersion = 10.0.40219.1
Project("{8BC9CEB8-8B4A-11D0-8D11-00A0C91BC942}") = "Day10", "Day10\Day10.vcxproj", "{25789788-F712-4AC4-9890-EC619F20C880}"
EndProject
Project("{8BC9CEB8-8B4A-11D0-8D11-00A0C91BC942}") = "Day11", "Day11\Day11.vcxproj", "{87B1B521-9206-4C12-94B6-8F8EBED17276}"
EndProject
Project("{8BC9CEB8-8B4A-11D0-8D11-00A0C91BC942}") = "Day12", "Day12\Day12.vcxproj", "{3649C9EE-D86E-430F-9B84-01DF05E433E2}"
EndProject
Project("{8BC9CEB8-8B4A-11D0-8D11-00A0C91BC942}") = "Day13", "Day13\Day13.vcxproj", "{3E9DAD84-B7C5-44A2-8D86-B777767BB7DF}"
EndProject
Project("{8BC9CEB8-8B4A-11D0-8D11-00A0C91BC942}") = "Day14", "Day14\Day14.vcxproj", "{AB53E438-56E1-49F7-BE13-FAE208C83E7E}"
EndProject
Project("{8BC9CEB8-8B4A-11D0-8D11-00A0C91BC942}") = "Day15", "Day15\Day15.vcxproj", "{9552CAE4-81B8-4457-A5E4-9808DDFC59C6}"
EndProject
Project("{8BC9CEB8-8B4A-11D0-8D11-00A0C91BC942}") = "Day16", "Day16\Day16.vcxproj", "{1EB38E3F-5F2B-4CF6-B130-1F3F3F0854D2}"
EndProject
Project("{8BC9CEB8-8B4A-11D0-8D11-00A0C91BC942}") = "Day17", "Day17\Day17.vcxproj", "{E633A4C6-F2A0-479B-AF60-D551AAB2E682}"
EndProject
Project("{8BC9CEB8-8B4A-11D0-8D11-00A0C91BC942}") = "Day18", "Day18\Day18.vcxproj", "{E90480BA-8CB4-45FC-AA31-37DEF384B998}"
EndProject
Project("{8BC9CEB8-8B4A-11D0-8D11-00A0C91BC942}") = "Day19", "Day19\Day19.vcxproj", "{EE4DE33D-D038-4730-8927-1303603286D6}"
EndProject
Project("{8BC9CEB8-8B4A-11D0-8D11-00A0C91BC942}") = "Day20", "Day20\Day20.vcxproj", "{171AC3CF-EB53-4A22-A213-166275571BD0}"
EndProject
Project("{8BC9CEB8-8B4A-11D0-8D11-00A0C91BC942}") = "Day21", "Day21\Day21.vcxproj", "{5464C75B-0079-47F7-90C4-C50EDA7B7C77}"
EndProject
Project("{8BC9CEB8-8B4A-11D0-8D11-00A0C91BC942}") = "Day22", "Day22\Day22.vcxproj", "{A9782F06-1B47-401D-87D8-EEAB9A5BB78E}"
EndProject
Project("{8BC9CEB8-8B4A-11D0-8D11-00A0C91BC942}") = "Day23", "Day23\Day23.vcxproj", "{BF425AA8-E581-41B2-8F49-CBC37E059520}"
EndProject
Project("{8BC9CEB8-8B4A-11D0-8D11-00A0C91BC942}") = "Day24", "Day24\Day24.vcxproj", "{B77014E4-AFFE-41A9-B103-CDD2EF7E21BD}"
EndProject
Project("{8BC9CEB8-8B4A-11D0-8D11-00A0C91BC942}") = "Day25", "Day25\Day25.vcxproj", "{36FCDA5F-62BD-47E6-B6C4-B111E80BBC79}"
EndProject
Project("{8BC9CEB8-8B4A-11D0-8D11-00A0C91BC942}") = "Day01", "Day01\Day1.vcxproj", "{BAFCC2E8-DD97-475A-8B2C-A673A76267BB}"
EndProject
Project("{8BC9CEB8-8B4A-11D0-8D11-00A0C91BC942}") = "Day02", "Day02\Day2.vcxproj", "{746B6EC4-FB57-4ABB-BC56-FA554B1E9051}"
EndProject
Project("{8BC9CEB8-8B4A-11D0-8D11-00A0C91BC942}") = "Day03", "Day03\Day3.vcxproj", "{ED0F705A-4112-4CE8-8E9B-C0A501E20439}"
EndProject
Project("{8BC9CEB8-8B4A-11D0-8D11-00A0C91BC942}") = "Day04", "Day04\Day4.vcxproj", "{640A149C-4C10-4EB4-8465-F5A3198E9A4F}"
EndProject
Project("{8BC9CEB8-8B4A-11D0-8D11-00A0C91BC942}") = "Day05", "Day05\Day5.vcxproj", "{7990E026-3FF5-4458-BFCE-1B3B684A511A}"
EndProject
Project("{8BC9CEB8-8B4A-11D0-8D11-00A0C91BC942}") = "Day06", "Day06\Day6.vcxproj", "{19E3FA76-D4FD-43D3-9F4D-C7E281F60B9F}"
EndProject
Project("{8BC9CEB8-8B4A-11D0-8D11-00A0C91BC942}") = "Day07", "Day07\Day7.vcxproj", "{E261E5F4-C51F-43C1-9460-91104A7EB295}"
EndProject
Project("{8BC9CEB8-8B4A-11D0-8D11-00A0C91BC942}") = "Day08", "Day08\Day8.vcxproj", "{5D3790A1-6D39-47D3-A040-65E69CC29D37}"
EndProject
Project("{8BC9CEB8-8B4A-11D0-8D11-00A0C91BC942}") = "Day09", "Day09\Day9.vcxproj", "{684D9BB3-8557-4749-8244-200D212DCD58}"
EndProject
Global
	GlobalSection(SolutionConfigurationPlatforms) = preSolution
		Debug|x64 = Debug|x64
		Debug|x86 = Debug|x86
		Release|x64 = Release|x64
		Release|x86 = Release|x86
	EndGlobalSection
	GlobalSection(ProjectConfigurationPlatforms) = postSolution
		{25789788-F712-4AC4-9890-EC619F20C880}.Debug|x64.ActiveCfg = Debug|x64
		{25789788-F712-4AC4-9890-EC619F20C880}.Debug|x64.Build.0 = Debug|x64
		{25789788-F712-4AC4-9890-EC619F20C880}.Debug|x86.ActiveCfg = Debug|Win32
		{25789788-F712-4AC4-9890-EC619F20C880}.Debug|x86.Build.0 = Debug|Win32
		{25789788-F712-4AC4-9890-EC619F20C880}.Release|x64.ActiveCfg = Release|x64
		{25789788-F712-4AC4-9890-EC619F20C880}.Release|x64.Build.0 = Release|x64
		{25789788-F712-4AC4-9890-EC619F20C880}.Release|x86.ActiveCfg = Release|Win32
		{25789788-F712-4AC4-9890-EC619F20C880}.Release|x86.Build.0 = Release|Win32
		{87B1B521-9206-4C12-94B6-8F8EBED17276}.Debug|x64.ActiveCfg = Debug|x64
		{87B1B521-9206-4C12-94B6-8F8EBED17276}.Debug|x64.Build.0 = Debug|x64
		{87B1B521-9206-4C12-94B6-8F8EBED17276}.Debug|x86.ActiveCfg = Debug|Win32
		{87B1B521-9206-4C12-94B6-8F8EBED17276}.Debug|x86.Build.0 = Debug|Win32
		{87B1B521-9206-4C12-94B6-8F8EBED17276}.Release|x64.ActiveCfg = Release|x64
		{87B1B521-9206-4C12-94B6-8F8EBED17276}.Release|x64.Build.0 = Release|x64
		{87B1B521-9206-4C12-94B6-8F8EBED17276}.Release|x86.ActiveCfg = Release|Win32
		{87B1B521-9206-4C12-94B6-8F8EBED17276}.Release|x86.Build.0 = Release|Win32
		{3649C9EE-D86E-430F-9B84-01DF05E433E2}.Debug|x64.ActiveCfg = Debug|x64
		{3649C9EE-D86E-430F-9B84-01DF05E433E2}.Debug|x64.Build.0 = Debug|x64
		{3649C9EE-D86E-430F-9B84-01DF05E433E2}.Debug|x86.ActiveCfg = Debug|Win32
		{3649C9EE-D86E-430F-9B84-01DF05E433E2}.Debug|x86.Build.0 = Debug|Win32
		{3649C9EE-D86E-430F-9B84-01DF05E433E2}.Release|x64.ActiveCfg = Release|x64
		{3649C9EE-D86E-430F-9B84-01DF05E433E2}.Release|x64.Build.0 = Release|x64
		{3649C9EE-D86E-430F-9B84-01DF05E433E2}.Release|x86.ActiveCfg = Release|Win32
		{3649C9EE-D86E-430F-9B84-01DF05E433E2}.Release|x86.Build.0 = Release|Win32
		{3E9DAD84-B7C5-44A2-8D86-B777767BB7DF}.Debug|x64.ActiveCfg = Debug|x64
		{3E9DAD84-B7C5-44A2-8D86-B777767BB7DF}.Debug|x64.Build.0 = Debug|x64
		{3E9DAD84-B7C5-44A2-8D86-B777767BB7DF}.Debug|x86.ActiveCfg = Debug|Win32
		{3E9DAD84-B7C5-44A2-8D86-B777767BB7DF}.Debug|x86.Build.0 = Debug|Win32
		{3E9DAD84-B7C5-44A2-8D86-B777767BB7DF}.Release|x64.ActiveCfg = Release|x64
		{3E9DAD84-B7C5-44A2-8D86-B777767BB7DF}.Release|x64.Build.0 = Release|x64
		{3E9DAD84-B7C5-44A2-8D86-B777767BB7DF}.Release|x86.ActiveCfg = Release|Win32
		{3E9DAD84-B7C5-44A2-8D86-B777767BB7DF}.Release|x86.Build.0 = Release|Win32
		{AB53E438-56E1-49F7-BE13-FAE208C83E7E}.Debug|x64.ActiveCfg = Debug|x64
		{AB53E438-56E1-49F7-BE13-FAE208C83E7E}.Debug|x64.Build.0 = Debug|x64
		{AB53E438-56E1-49F7-BE13-FAE208C83E7E}.Debug|x86.ActiveCfg = Debug|Win32
		{AB53E438-56E1-49F7-BE13-FAE208C83E7E}.Debug|x86.Build.0 = Debug|Win32
		{AB53E438-56E1-49F7-BE13-FAE208C83E7E}.Release|x64.ActiveCfg = Release|x64
		{AB53E438-56E1-49F7-BE13-FAE208C83E7E}.Release|x64.Build.0 = Release|x64
		{AB53E438-56E1-49F7-BE13-FAE208C83E7E}.Release|x86.ActiveCfg = Release|Win32
		{AB53E438-56E1-49F7-BE13-FAE208C83E7E}.Release|x86.Build.0 = Release|Win32
		{9552CAE4-81B8-4457-A5E4-9808DDFC59C6}.Debug|x64.ActiveCfg = Debug|x64
		{9552CAE4-81B8-4457-A5E4-9808DDFC59C6}.Debug|x64.Build.0 = Debug|x64
		{9552CAE4-81B8-4457-A5E4-9808DDFC59C6}.Debug|x86.ActiveCfg = Debug|Win32
		{9552CAE4-81B8-4457-A5E4-9808DDFC59C6}.Debug|x86.Build.0 = Debug|Win32
		{9552CAE4-81B8-4457-A5E4-9808DDFC59C6}.Release|x64.ActiveCfg = Release|x64
		{9552CAE4-81B8-4457-A5E4-9808DDFC59C6}.Release|x64.Build.0 = Release|x64
		{9552CAE4-81B8-4457-A5E4-9808DDFC59C6}.Release|x86.ActiveCfg = Release|Win32
		{9552CAE4-81B8-4457-A5E4-9808DDFC59C6}.Release|x86.Build.0 = Release|Win32
		{1EB38E3F-5F2B-4CF6-B130-1F3F3F0854D2}.Debug|x64.ActiveCfg = Debug|x64
		{1EB38E3F-5F2B-4CF6-B130-1F3F3F0854D2}.Debug|x64.Build.0 = Debug|x64
		{1EB38E3F-5F2B-4CF6-B130-1F3F3F0854D2}.Debug|x86.ActiveCfg = Debug|Win32
		{1EB38E3F-5F2B-4CF6-B130-1F3F3F0854D2}.Debug|x86.Build.0 = Debug|Win32
		{1EB38E3F-5F2B-4CF6-B130-1F3F3F0854D2}.Release|x64.ActiveCfg = Release|x64
		{1EB38E3F-5F2B-4CF6-B130-1F3F3F0854D2}.Release|x64.Build.0 = Release|x64
		{1EB38E3F-5F2B-4CF6-B130-1F3F3F0854D2}.Release|x86.ActiveCfg = Release|Win32
		{1EB38E3F-5F2B-4CF6-B130-1F3F3F0854D2}.Release|x86.Build.0 = Release|Win32
		{E633A4C6-F2A0-479B-AF60-D551AAB2E682}.Debug|x64.ActiveCfg = Debug|x64
		{E633A4C6-F2A0-479B-AF60-D551AAB2E682}.Debug|x64.Build.0 = Debug|x64
		{E633A4C6-F2A0-479B-AF60-D551AAB2E682}.Debug|x86.ActiveCfg = Debug|Win32
		{E633A4C6-F2A0-479B-AF60-D551AAB2E682}.Debug|x86.Build.0 = Debug|Win32
		{E633A4C6-F2A0-479B-AF60-D551AAB2E682}.Release|x64.ActiveCfg = Release|x64
		{E633A4C6-F2A0-479B-AF60-D551AAB2E682}.Release|x64.Build.0 = Release|x64
		{E633A4C6-F2A0-479B-AF60-D551AAB2E682}.Release|x86.ActiveCfg = Release|Win32
		{E633A4C6-F2A0-479B-AF60-D551AAB2E682}.Release|x86.Build.0 = Release|Win32
		{E90480BA-8CB4-45FC-AA31-37DEF384B998}.Debug|x64.ActiveCfg = Debug|x64
		{E90480BA-8CB4-45FC-AA31-37DEF384B998}.Debug|x64.Build.0 = Debug|x64
		{E90480BA-8CB4-45FC-AA31-37DEF384B998}.Debug|x86.ActiveCfg = Debug|Win32
		{E90480BA-8CB4-45FC-AA31-37DEF384B998}.Debug|x86.Build.0 = Debug|Win32
		{E90480BA-8CB4-45FC-AA31-37DEF384B998}.Release|x64.ActiveCfg = Release|x64
		{E90480BA-8CB4-45FC-AA31-37DEF384B998}.Release|x64.Build.0 = Release|x64
		{E90480BA-8CB4-45FC-AA31-37DEF384B998}.Release|x86.ActiveCfg = Release|Win32
		{E90480BA-8CB4-45FC-AA31-37DEF384B998}.Release|x86.Build.0 = Release|Win32
		{EE4DE33D-D038-4730-8927-1303603286D6}.Debug|x64.ActiveCfg = Debug|x64
		{EE4DE33D-D038-4730-8927-1303603286D6}.Debug|x64.Build.0 = Debug|x64
		{EE4DE33D-D038-4730-8927-1303603286D6}.Debug|x86.ActiveCfg = Debug|Win32
		{EE4DE33D-D038-4730-8927-1303603286D6}.Debug|x86.Build.0 = Debug|Win32
		{EE4DE33D-D038-4730-8927-1303603286D6}.Release|x64.ActiveCfg = Release|x64
		{EE4DE33D-D038-4730-8927-1303603286D6}.Release|x64.Build.0 = Release|x64
		{EE4DE33D-D038-4730-8927-1303603286D6}.Release|x86.ActiveCfg = Release|Win32
		{EE4DE33D-D038-4730-8927-1303603286D6}.Release|x86.Build.0 = Release|Win32
		{171AC3CF-EB53-4A22-A213-166275571BD0}.Debug|x64.ActiveCfg = Debug|x64
		{171AC3CF-EB53-4A22-A213-166275571BD0}.Debug|x64.Build.0 = Debug|x64
		{171AC3CF-EB53-4A22-A213-166275571BD0}.Debug|x86.ActiveCfg = Debug|Win32
		{171AC3CF-EB53-4A22-A213-166275571BD0}.Debug|x86.Build.0 = Debug|Win32
		{171AC3CF-EB53-4A22-A213-166275571BD0}.Release|x64.ActiveCfg = Release|x64
		{171AC3CF-EB53-4A22-A213-166275571BD0}.Release|x64.Build.0 = Release|x64
		{171AC3CF-EB53-4A22-A213-166275571BD0}.Release|x86.ActiveCfg = Release|Win32
		{171AC3CF-EB53-4A22-A213-166275571BD0}.Release|x86.Build.0 = Release|Win32
		{5464C75B-0079-47F7-90C4-C50EDA7B7C77}.Debug|x64.ActiveCfg = Debug|x64
		{5464C75B-0079-47F7-90C4-C50EDA7B7C77}.Debug|x64.Build.0 = Debug|x64
		{5464C75B-0079-47F7-90C4-C50EDA7B7C77}.Debug|x86.ActiveCfg = Debug|Win32
		{5464C75B-0079-47F7-90C4-C50EDA7B7C77}.Debug|x86.Build.0 = Debug|Win32
		{5464C75B-0079-47F7-90C4-C50EDA7B7C77}.Release|x64.ActiveCfg = Release|x64
		{5464C75B-0079-47F7-90C4-C50EDA7B7C77}.Release|x64.Build.0 = Release|x64
		{5464C75B-0079-47F7-90C4-C50EDA7B7C77}.Release|x86.ActiveCfg = Release|Win32
		{5464C75B-0079-47F7-90C4-C50EDA7B7C77}.Release|x86.Build.0 = Release|Win32
		{A9782F06-1B47-401D-87D8-EEAB9A5BB78E}.Debug|x64.ActiveCfg = Debug|x64
		{A9782F06-1B47-401D-87D8-EEAB9A5BB78E}.Debug|x64.Build.0 = Debug|x64
		{A9782F06-1B47-401D-87D8-EEAB9A5BB78E}.Debug|x86.ActiveCfg = Debug|Win32
		{A9782F06-1B47-401D-87D8-EEAB9A5BB78E}.Debug|x86.Build.0 = Debug|Win32
		{A9782F06-1B47-401D-87D8-EEAB9A5BB78E}.Release|x64.ActiveCfg = Release|x64
		{A9782F06-1B47-401D-87D8-EEAB9A5BB78E}.Release|x64.Build.0 = Release|x64
		{A9782F06-1B47-401D-87D8-EEAB9A5BB78E}.Release|x86.ActiveCfg = Release|Win32
		{A9782F06-1B47-401D-87D8-EEAB9A5BB78E}.Release|x86.Build.0 = Release|Win32
		{BF425AA8-E581-41B2-8F49-CBC37E059520}.Debug|x64.ActiveCfg = Debug|x64
		{BF425AA8-E581-41B2-8F49-CBC37E059520}.Debug|x64.Build.0 = Debug|x64
		{BF425AA8-E581-41B2-8F49-CBC37E059520}.Debug|x86.ActiveCfg = Debug|Win32
		{BF425AA8-E581-41B2-8F49-CBC37E059520}.Debug|x86.Build.0 = Debug|Win32
		{BF425AA8-E581-41B2-8F49-CBC37E059520}.Release|x64.ActiveCfg = Release|x64
		{BF425AA8-E581-41B2-8F49-CBC37E059520}.Release|x64.Build.0 = Release|x64
		{BF425AA8-E581-41B2-8F49-CBC37E059520}.Release|x86.ActiveCfg = Release|Win32
		{BF425AA8-E581-41B2-8F49-CBC37E059520}.Release|x86.Build.0 = Release|Win32
		{B77014E4-AFFE-41A9-B103-CDD2EF7E21BD}.Debug|x64.ActiveCfg = Debug|x64
		{B77014E4-AFFE-41A9-B103-CDD2EF7E21BD}.Debug|x64.Build.0 = Debug|x64
		{B77014E4-AFFE-41A9-B103-CDD2EF7E21BD}.Debug|x86.ActiveCfg = Debug|Win32
		{B77014E4-AFFE-41A9-B103-CDD2EF7E21BD}.Debug|x86.Build.0 = Debug|Win32
		{B77014E4-AFFE-41A9-B103-CDD2EF7E21BD}.Release|x64.ActiveCfg = Release|x64
		{B77014E4-AFFE-41A9-B103-CDD2EF7E21BD}.Release|x64.Build.0 = Release|x64
		{B77014E4-AFFE-41A9-B103-CDD2EF7E21BD}.Release|x86.ActiveCfg = Release|Win32
		{B77014E4-AFFE-41A9-B103-CDD2EF7E21BD}.Release|x86.Build.0 = Release|Win32
		{36FCDA5F-62BD-47E6-B6C4-B111E80BBC79}.Debug|x64.ActiveCfg = Debug|x64
		{36FCDA5F-62BD-47E6-B6C4-B111E80BBC79}.Debug|x64.Build.0 = Debug|x64
		{36FCDA5F-62BD-47E6-B6C4-B111E80BBC79}.Debug|x86.ActiveCfg = Debug|Win32
		{36FCDA5F-62BD-47E6-B6C4-B111E80BBC79}.Debug|x86.Build.0 = Debug|Win32
		{36FCDA5F-62BD-47E6-B6C4-B111E80BBC79}.Release|x64.ActiveCfg = Release|x64
		{36FCDA5F-62BD-47E6-B6C4-B111E80BBC79}.Release|x64.Build.0 = Release|x64
		{36FCDA5F-62BD-47E6-B6C4-B111E80BBC79}.Release|x86.ActiveCfg = Release|Win32
		{36FCDA5F-62BD-47E6-B6C4-B111E80BBC79}.Release|x86.Build.0 = Release|Win32
		{BAFCC2E8-DD97-475A-8B2C-A673A76267BB}.Debug|x64.ActiveCfg = Debug|x64
		{BAFCC2E8-DD97-475A-8B2C-A673A76267BB}.Debug|x64.Build.0 = Debug|x64
		{BAFCC2E8-DD97-475A-8B2C-A673A76267BB}.Debug|x86.ActiveCfg = Debug|Win32
		{BAFCC2E8-DD97-475A-8B2C-A673A76267BB}.Debug|x86.Build.0 = Debug|Win32
		{BAFCC2E8-DD97-475A-8B2C-A673A76267BB}.Release|x64.ActiveCfg = Release|x64
		{BAFCC2E8-DD97-475A-8B2C-A673A76267BB}.Release|x64.Build.0 = Release|x64
		{BAFCC2E8-DD97-475A-8B2C-A673A76267BB}.Release|x86.ActiveCfg = Release|Win32
		{BAFCC2E8-DD97-475A-8B2C-A673A76267BB}.Release|x86.Build.0 = Release|Win32
		{746B6EC4-FB57-4ABB-BC56-FA554B1E9051}.Debug|x64.ActiveCfg = Debug|x64
		{746B6EC4-FB57-4ABB-BC56-FA554B1E9051}.Debug|x64.Build.0 = Debug|x64
		{746B6EC4-FB57-4ABB-BC56-FA554B1E9051}.Debug|x86.ActiveCfg = Debug|Win32
		{746B6EC4-FB57-4ABB-BC56-FA554B1E9051}.Debug|x86.Build.0 = Debug|Win32
		{746B6EC4-FB57-4ABB-BC56-FA554B1E9051}.Release|x64.ActiveCfg = Release|x64
		{746B6EC4-FB57-4ABB-BC56-FA554B1E9051}.Release|x64.Build.0 = Release|x64
		{746B6EC4-FB57-4ABB-BC56-FA554B1E9051}.Release|x86.ActiveCfg = Release|Win32
		{746B6EC4-FB57-4ABB-BC56-FA554B1E9051}.Release|x86.Build.0 = Release|Win32
		{ED0F705A-4112-4CE8-8E9B-C0A501E20439}.Debug|x64.ActiveCfg = Debug|x64
		{ED0F705A-4112-4CE8-8E9B-C0A501E20439}.Debug|x64.Build.0 = Debug|x64
		{ED0F705A-4112-4CE8-8E9B-C0A501E20439}.Debug|x86.ActiveCfg = Debug|Win32
		{ED0F705A-4112-4CE8-8E9B-C0A501E20439}.Debug|x86.Build.0 = Debug|Win32
		{ED0F705A-4112-4CE8-8E9B-C0A501E20439}.Release|x64.ActiveCfg = Release|x64
		{ED0F705A-4112-4CE8-8E9B-C0A501E20439}.Release|x64.Build.0 = Release|x64
		{ED0F705A-4112-4CE8-8E9B-C0A501E20439}.Release|x86.ActiveCfg = Release|Win32
		{ED0F705A-4112-4CE8-8E9B-C0A501E20439}.Release|x86.Build.0 = Release|Win32
		{640A149C-4C10-4EB4-8465-F5A3198E9A4F}.Debug|x64.ActiveCfg = Debug|x64
		{640A149C-4C10-4EB4-8465-F5A3198E9A4F}.Debug|x64.Build.0 = Debug|x64
		{640A149C-4C10-4EB4-8465-F5A3198E9A4F}.Debug|x86.ActiveCfg = Debug|Win32
		{640A149C-4C10-4EB4-8465-F5A3198E9A4F}.Debug|x86.Build.0 = Debug|Win32
		{640A149C-4C10-4EB4-8465-F5A3198E9A4F}.Release|x64.ActiveCfg = Release|x64
		{640A149C-4C10-4EB4-8465-F5A3198E9A4F}.Release|x64.Build.0 = Release|x64
		{640A149C-4C10-4EB4-8465-F5A3198E9A4F}.Release|x86.ActiveCfg = Release|Win32
		{640A149C-4C10-4EB4-8465-F5A3198E9A4F}.Release|x86.Build.0 = Release|Win32
		{7990E026-3FF5-4458-BFCE-1B3B684A511A}.Debug|x64.ActiveCfg = Debug|x64
		{7990E026-3FF5-4458-BFCE-1B3B684A511A}.Debug|x64.Build.0 = Debug|x64
		{7990E026-3FF5-4458-BFCE-1B3B684A511A}.Debug|x86.ActiveCfg = Debug|Win32
		{7990E026-3FF5-4458-BFCE-1B3B684A511A}.Debug|x86.Build.0 = Debug|Win32
		{7990E026-3FF5-4458-BFCE-1B3B684A511A}.Release|x64.ActiveCfg = Release|x64
		{7990E026-3FF5-4458-BFCE-1B3B684A511A}.Release|x64.Build.0 = Release|x64
		{7990E026-3FF5-4458-BFCE-1B3B684A511A}.Release|x86.ActiveCfg = Release|Win32
		{7990E026-3FF5-4458-BFCE-1B3B684A511A}.Release|x86.Build.0 = Release|Win32
		{19E3FA76-D4FD-43D3-9F4D-C7E281F60B9F}.Debug|x64.ActiveCfg = Debug|x64
		{19E3FA76-D4FD-43D3-9F4D-C7E281F60B9F}.Debug|x64.Build.0 = Debug|x64
		{19E3FA76-D4FD-43D3-9F4D-C7E281F60B9F}.Debug|x86.ActiveCfg = Debug|Win32
		{19E3FA76-D4FD-43D3-9F4D-C7E281F60B9F}.Debug|x86.Build.0 = Debug|Win32
		{19E3FA76-D4FD-43D3-9F4D-C7E281F60B9F}.Release|x64.ActiveCfg = Release|x64
		{19E3FA76-D4FD-43D3-9F4D-C7E281F60B9F}.Release|x64.Build.0 = Release|x64
		{19E3FA76-D4FD-43D3-9F4D-C7E281F60B9F}.Release|x86.ActiveCfg = Release|Win32
		{19E3FA76-D4FD-43D3-9F4D-C7E281F60B9F}.Release|x86.Build.0 = Release|Win32
		{E261E5F4-C51F-43C1-9460-91104A7EB295}.Debug|x64.ActiveCfg = Debug|x64
		{E261E5F4-C51F-43C1-9460-91104A7EB295}.Debug|x64.Build.0 = Debug|x64
		{E261E5F4-C51F-43C1-9460-91104A7EB295}.Debug|x86.ActiveCfg = Debug|Win32
		{E261E5F4-C51F-43C1-9460-91104A7EB295}.Debug|x86.Build.0 = Debug|Win32
		{E261E5F4-C51F-43C1-9460-91104A7EB295}.Release|x64.ActiveCfg = Release|x64
		{E261E5F4-C51F-43C1-9460-91104A7EB295}.Release|x64.Build.0 = Release|x64
		{E261E5F4-C51F-43C1-9460-91104A7EB295}.Release|x86.ActiveCfg = Release|Win32
		{E261E5F4-C51F-43C1-9460-91104A7EB295}.Release|x86.Build.0 = Release|Win32
		{5D3790A1-6D39-47D3-A040-65E69CC29D37}.Debug|x64.ActiveCfg = Debug|x64
		{5D3790A1-6D39-47D3-A040-65E69CC29D37}.Debug|x64.Build.0 = Debug|x64
		{5D3790A1-6D39-47D3-A040-65E69CC29D37}.Debug|x86.ActiveCfg = Debug|Win32
		{5D3790A1-6D39-47D3-A040-65E69CC29D37}.Debug|x86.Build.0 = Debug|Win32
		{5D3790A1-6D39-47D3-A040-65E69CC29D37}.Release|x64.ActiveCfg = Release|x64
		{5D3790A1-6D39-47D3-A040-65E69CC29D37}.Release|x64.Build.0 = Release|x64
		{5D3790A1-6D39-47D3-A040-65E69CC29D37}.Release|x86.ActiveCfg = Release|Win32
		{5D3790A1-6D39-47D3-A040-65E69CC29D37}.Release|x86.Build.0 = Release|Win32
		{684D9BB3-8557-4749-8244-200D212DCD58}.Debug|x64.ActiveCfg = Debug|x64
		{684D9BB3-8557-4749-8244-200D212DCD58}.Debug|x64.Build.0 = Debug|x64
		{684D9BB3-8557-4749-8244-200D212DCD58}.Debug|x86.ActiveCfg = Debug|Win32
		{684D9BB3-8557-4749-8244-200D212DCD58}.Debug|x86.Build.0 = Debug|Win32
		{684D9BB3-8557-4749-8244-200D212DCD58}.Release|x64.ActiveCfg = Release|x64
		{684D9BB3-8557-4749-8244-200D212DCD58}.Release|x64.Build.0 = Release|x64
		{684D9BB3-8557-4749-8244-200D212DCD58}.Release|x86.ActiveCfg = Release|Win32
		{684D9BB3-8557-4749-8244-200D212DCD58}.Release|x86.Build.0 = Release|Win32
	EndGlobalSection
	GlobalSection(SolutionProperties) = preSolution
		HideSolutionNode = FALSE
	EndGlobalSection
EndGlobal
